
Microsoft Visual Studio Solution File, Format Version 12.00
# Visual Studio 15
VisualStudioVersion = 15.0.28307.705
MinimumVisualStudioVersion = 10.0.40219.1
Project("{8BC9CEB8-8B4A-11D0-8D11-00A0C91BC942}") = "Lab4-5", "Lab4-5\Lab4-5.vcxproj", "{F5EDDB70-C056-43D4-9249-DC8FF9FB9AEC}"
EndProject
Global
	GlobalSection(SolutionConfigurationPlatforms) = preSolution
		Debug|x64 = Debug|x64
		Debug|x86 = Debug|x86
		Release|x64 = Release|x64
		Release|x86 = Release|x86
	EndGlobalSection
	GlobalSection(ProjectConfigurationPlatforms) = postSolution
		{F5EDDB70-C056-43D4-9249-DC8FF9FB9AEC}.Debug|x64.ActiveCfg = Debug|x64
		{F5EDDB70-C056-43D4-9249-DC8FF9FB9AEC}.Debug|x64.Build.0 = Debug|x64
		{F5EDDB70-C056-43D4-9249-DC8FF9FB9AEC}.Debug|x86.ActiveCfg = Debug|Win32
		{F5EDDB70-C056-43D4-9249-DC8FF9FB9AEC}.Debug|x86.Build.0 = Debug|Win32
		{F5EDDB70-C056-43D4-9249-DC8FF9FB9AEC}.Release|x64.ActiveCfg = Release|x64
		{F5EDDB70-C056-43D4-9249-DC8FF9FB9AEC}.Release|x64.Build.0 = Release|x64
		{F5EDDB70-C056-43D4-9249-DC8FF9FB9AEC}.Release|x86.ActiveCfg = Release|Win32
		{F5EDDB70-C056-43D4-9249-DC8FF9FB9AEC}.Release|x86.Build.0 = Release|Win32
	EndGlobalSection
	GlobalSection(SolutionProperties) = preSolution
		HideSolutionNode = FALSE
	EndGlobalSection
	GlobalSection(ExtensibilityGlobals) = postSolution
		SolutionGuid = {A68A0BD5-F196-460A-9DD0-58F73BD543BD}
	EndGlobalSection
EndGlobal
