
Microsoft Visual Studio Solution File, Format Version 12.00
# Visual Studio 15
VisualStudioVersion = 15.0.28307.705
MinimumVisualStudioVersion = 10.0.40219.1
Project("{8BC9CEB8-8B4A-11D0-8D11-00A0C91BC942}") = "Assignment3-3", "Assignment3-3\Assignment3-3.vcxproj", "{89F0BC7B-5A18-4414-B7A9-1F52DDF04DF9}"
EndProject
Global
	GlobalSection(SolutionConfigurationPlatforms) = preSolution
		Debug|x64 = Debug|x64
		Debug|x86 = Debug|x86
		Release|x64 = Release|x64
		Release|x86 = Release|x86
	EndGlobalSection
	GlobalSection(ProjectConfigurationPlatforms) = postSolution
		{89F0BC7B-5A18-4414-B7A9-1F52DDF04DF9}.Debug|x64.ActiveCfg = Debug|x64
		{89F0BC7B-5A18-4414-B7A9-1F52DDF04DF9}.Debug|x64.Build.0 = Debug|x64
		{89F0BC7B-5A18-4414-B7A9-1F52DDF04DF9}.Debug|x86.ActiveCfg = Debug|Win32
		{89F0BC7B-5A18-4414-B7A9-1F52DDF04DF9}.Debug|x86.Build.0 = Debug|Win32
		{89F0BC7B-5A18-4414-B7A9-1F52DDF04DF9}.Release|x64.ActiveCfg = Release|x64
		{89F0BC7B-5A18-4414-B7A9-1F52DDF04DF9}.Release|x64.Build.0 = Release|x64
		{89F0BC7B-5A18-4414-B7A9-1F52DDF04DF9}.Release|x86.ActiveCfg = Release|Win32
		{89F0BC7B-5A18-4414-B7A9-1F52DDF04DF9}.Release|x86.Build.0 = Release|Win32
	EndGlobalSection
	GlobalSection(SolutionProperties) = preSolution
		HideSolutionNode = FALSE
	EndGlobalSection
	GlobalSection(ExtensibilityGlobals) = postSolution
		SolutionGuid = {25649E4E-DB99-464A-984E-D01820F9BE01}
	EndGlobalSection
EndGlobal
