
Microsoft Visual Studio Solution File, Format Version 12.00
# Visual Studio 15
VisualStudioVersion = 15.0.28307.705
MinimumVisualStudioVersion = 10.0.40219.1
Project("{8BC9CEB8-8B4A-11D0-8D11-00A0C91BC942}") = "Assignment3-1", "Assignment3-1\Assignment3-1.vcxproj", "{FC112C85-9125-48E9-95D6-D698054FE02A}"
EndProject
Global
	GlobalSection(SolutionConfigurationPlatforms) = preSolution
		Debug|x64 = Debug|x64
		Debug|x86 = Debug|x86
		Release|x64 = Release|x64
		Release|x86 = Release|x86
	EndGlobalSection
	GlobalSection(ProjectConfigurationPlatforms) = postSolution
		{FC112C85-9125-48E9-95D6-D698054FE02A}.Debug|x64.ActiveCfg = Debug|x64
		{FC112C85-9125-48E9-95D6-D698054FE02A}.Debug|x64.Build.0 = Debug|x64
		{FC112C85-9125-48E9-95D6-D698054FE02A}.Debug|x86.ActiveCfg = Debug|Win32
		{FC112C85-9125-48E9-95D6-D698054FE02A}.Debug|x86.Build.0 = Debug|Win32
		{FC112C85-9125-48E9-95D6-D698054FE02A}.Release|x64.ActiveCfg = Release|x64
		{FC112C85-9125-48E9-95D6-D698054FE02A}.Release|x64.Build.0 = Release|x64
		{FC112C85-9125-48E9-95D6-D698054FE02A}.Release|x86.ActiveCfg = Release|Win32
		{FC112C85-9125-48E9-95D6-D698054FE02A}.Release|x86.Build.0 = Release|Win32
	EndGlobalSection
	GlobalSection(SolutionProperties) = preSolution
		HideSolutionNode = FALSE
	EndGlobalSection
	GlobalSection(ExtensibilityGlobals) = postSolution
		SolutionGuid = {85E0BB8F-87B5-488C-B2E4-6162FCD20F89}
	EndGlobalSection
EndGlobal
